// !$*UTF8*$!
{
	archiveVersion = 1;
	classes = {
	};
	objectVersion = 46;
	objects = {

/* Begin PBXBuildFile section */
		4E1E12211B267EF400624025 /* AppDelegate.swift in Sources */ = {isa = PBXBuildFile; fileRef = 4E1E12201B267EF400624025 /* AppDelegate.swift */; };
		4E1E12251B267EF400624025 /* GameScene.swift in Sources */ = {isa = PBXBuildFile; fileRef = 4E1E12241B267EF400624025 /* GameScene.swift */; };
		4E1E12271B267EF400624025 /* GameViewController.swift in Sources */ = {isa = PBXBuildFile; fileRef = 4E1E12261B267EF400624025 /* GameViewController.swift */; };
		4E1E122A1B267EF400624025 /* Main.storyboard in Resources */ = {isa = PBXBuildFile; fileRef = 4E1E12281B267EF400624025 /* Main.storyboard */; };
		4E1E122C1B267EF400624025 /* Images.xcassets in Resources */ = {isa = PBXBuildFile; fileRef = 4E1E122B1B267EF400624025 /* Images.xcassets */; };
		4E1E122F1B267EF400624025 /* LaunchScreen.xib in Resources */ = {isa = PBXBuildFile; fileRef = 4E1E122D1B267EF400624025 /* LaunchScreen.xib */; };
		4E1E123B1B267EF400624025 /* HeartsTests.swift in Sources */ = {isa = PBXBuildFile; fileRef = 4E1E123A1B267EF400624025 /* HeartsTests.swift */; };
		4E2FBF9D1B26EF8E004805C4 /* Card.swift in Sources */ = {isa = PBXBuildFile; fileRef = 4E2FBF9C1B26EF8E004805C4 /* Card.swift */; };
/* End PBXBuildFile section */

/* Begin PBXContainerItemProxy section */
		4E1E12351B267EF400624025 /* PBXContainerItemProxy */ = {
			isa = PBXContainerItemProxy;
			containerPortal = 4E1E12131B267EF400624025 /* Project object */;
			proxyType = 1;
			remoteGlobalIDString = 4E1E121A1B267EF400624025;
			remoteInfo = Hearts;
		};
/* End PBXContainerItemProxy section */

/* Begin PBXFileReference section */
		4E1E121B1B267EF400624025 /* Hearts.app */ = {isa = PBXFileReference; explicitFileType = wrapper.application; includeInIndex = 0; path = Hearts.app; sourceTree = BUILT_PRODUCTS_DIR; };
		4E1E121F1B267EF400624025 /* Info.plist */ = {isa = PBXFileReference; lastKnownFileType = text.plist.xml; path = Info.plist; sourceTree = "<group>"; };
		4E1E12201B267EF400624025 /* AppDelegate.swift */ = {isa = PBXFileReference; lastKnownFileType = sourcecode.swift; path = AppDelegate.swift; sourceTree = "<group>"; };
		4E1E12241B267EF400624025 /* GameScene.swift */ = {isa = PBXFileReference; lastKnownFileType = sourcecode.swift; path = GameScene.swift; sourceTree = "<group>"; };
		4E1E12261B267EF400624025 /* GameViewController.swift */ = {isa = PBXFileReference; lastKnownFileType = sourcecode.swift; path = GameViewController.swift; sourceTree = "<group>"; };
		4E1E12291B267EF400624025 /* Base */ = {isa = PBXFileReference; lastKnownFileType = file.storyboard; name = Base; path = Base.lproj/Main.storyboard; sourceTree = "<group>"; };
		4E1E122B1B267EF400624025 /* Images.xcassets */ = {isa = PBXFileReference; lastKnownFileType = folder.assetcatalog; path = Images.xcassets; sourceTree = "<group>"; };
		4E1E122E1B267EF400624025 /* Base */ = {isa = PBXFileReference; lastKnownFileType = file.xib; name = Base; path = Base.lproj/LaunchScreen.xib; sourceTree = "<group>"; };
		4E1E12341B267EF400624025 /* HeartsTests.xctest */ = {isa = PBXFileReference; explicitFileType = wrapper.cfbundle; includeInIndex = 0; path = HeartsTests.xctest; sourceTree = BUILT_PRODUCTS_DIR; };
		4E1E12391B267EF400624025 /* Info.plist */ = {isa = PBXFileReference; lastKnownFileType = text.plist.xml; path = Info.plist; sourceTree = "<group>"; };
		4E1E123A1B267EF400624025 /* HeartsTests.swift */ = {isa = PBXFileReference; lastKnownFileType = sourcecode.swift; path = HeartsTests.swift; sourceTree = "<group>"; };
		4E2FBF9C1B26EF8E004805C4 /* Card.swift */ = {isa = PBXFileReference; fileEncoding = 4; lastKnownFileType = sourcecode.swift; path = Card.swift; sourceTree = "<group>"; };
/* End PBXFileReference section */

/* Begin PBXFrameworksBuildPhase section */
		4E1E12181B267EF400624025 /* Frameworks */ = {
			isa = PBXFrameworksBuildPhase;
			buildActionMask = 2147483647;
			files = (
			);
			runOnlyForDeploymentPostprocessing = 0;
		};
		4E1E12311B267EF400624025 /* Frameworks */ = {
			isa = PBXFrameworksBuildPhase;
			buildActionMask = 2147483647;
			files = (
			);
			runOnlyForDeploymentPostprocessing = 0;
		};
/* End PBXFrameworksBuildPhase section */

/* Begin PBXGroup section */
		4E1E12121B267EF400624025 = {
			isa = PBXGroup;
			children = (
				4E1E121D1B267EF400624025 /* Hearts */,
				4E1E12371B267EF400624025 /* HeartsTests */,
				4E1E121C1B267EF400624025 /* Products */,
			);
			sourceTree = "<group>";
		};
		4E1E121C1B267EF400624025 /* Products */ = {
			isa = PBXGroup;
			children = (
				4E1E121B1B267EF400624025 /* Hearts.app */,
				4E1E12341B267EF400624025 /* HeartsTests.xctest */,
			);
			name = Products;
			sourceTree = "<group>";
		};
		4E1E121D1B267EF400624025 /* Hearts */ = {
			isa = PBXGroup;
			children = (
				4E1E12201B267EF400624025 /* AppDelegate.swift */,
				4E1E12241B267EF400624025 /* GameScene.swift */,
				4E1E12261B267EF400624025 /* GameViewController.swift */,
				4E1E12281B267EF400624025 /* Main.storyboard */,
				4E1E122B1B267EF400624025 /* Images.xcassets */,
				4E1E122D1B267EF400624025 /* LaunchScreen.xib */,
				4E1E121E1B267EF400624025 /* Supporting Files */,
				4E2FBF9C1B26EF8E004805C4 /* Card.swift */,
			);
			path = Hearts;
			sourceTree = "<group>";
		};
		4E1E121E1B267EF400624025 /* Supporting Files */ = {
			isa = PBXGroup;
			children = (
				4E1E121F1B267EF400624025 /* Info.plist */,
			);
			name = "Supporting Files";
			sourceTree = "<group>";
		};
		4E1E12371B267EF400624025 /* HeartsTests */ = {
			isa = PBXGroup;
			children = (
				4E1E123A1B267EF400624025 /* HeartsTests.swift */,
				4E1E12381B267EF400624025 /* Supporting Files */,
			);
			path = HeartsTests;
			sourceTree = "<group>";
		};
		4E1E12381B267EF400624025 /* Supporting Files */ = {
			isa = PBXGroup;
			children = (
				4E1E12391B267EF400624025 /* Info.plist */,
			);
			name = "Supporting Files";
			sourceTree = "<group>";
		};
/* End PBXGroup section */

/* Begin PBXNativeTarget section */
		4E1E121A1B267EF400624025 /* Hearts */ = {
			isa = PBXNativeTarget;
			buildConfigurationList = 4E1E123E1B267EF400624025 /* Build configuration list for PBXNativeTarget "Hearts" */;
			buildPhases = (
				4E1E12171B267EF400624025 /* Sources */,
				4E1E12181B267EF400624025 /* Frameworks */,
				4E1E12191B267EF400624025 /* Resources */,
			);
			buildRules = (
			);
			dependencies = (
			);
			name = Hearts;
			productName = Hearts;
			productReference = 4E1E121B1B267EF400624025 /* Hearts.app */;
			productType = "com.apple.product-type.application";
		};
		4E1E12331B267EF400624025 /* HeartsTests */ = {
			isa = PBXNativeTarget;
			buildConfigurationList = 4E1E12411B267EF400624025 /* Build configuration list for PBXNativeTarget "HeartsTests" */;
			buildPhases = (
				4E1E12301B267EF400624025 /* Sources */,
				4E1E12311B267EF400624025 /* Frameworks */,
				4E1E12321B267EF400624025 /* Resources */,
			);
			buildRules = (
			);
			dependencies = (
				4E1E12361B267EF400624025 /* PBXTargetDependency */,
			);
			name = HeartsTests;
			productName = HeartsTests;
			productReference = 4E1E12341B267EF400624025 /* HeartsTests.xctest */;
			productType = "com.apple.product-type.bundle.unit-test";
		};
/* End PBXNativeTarget section */

/* Begin PBXProject section */
		4E1E12131B267EF400624025 /* Project object */ = {
			isa = PBXProject;
			attributes = {
				LastUpgradeCheck = 0630;
				ORGANIZATIONNAME = "Eric Alvarado";
				TargetAttributes = {
					4E1E121A1B267EF400624025 = {
						CreatedOnToolsVersion = 6.3.2;
					};
					4E1E12331B267EF400624025 = {
						CreatedOnToolsVersion = 6.3.2;
						TestTargetID = 4E1E121A1B267EF400624025;
					};
				};
			};
			buildConfigurationList = 4E1E12161B267EF400624025 /* Build configuration list for PBXProject "Hearts" */;
			compatibilityVersion = "Xcode 3.2";
			developmentRegion = English;
			hasScannedForEncodings = 0;
			knownRegions = (
				en,
				Base,
			);
			mainGroup = 4E1E12121B267EF400624025;
			productRefGroup = 4E1E121C1B267EF400624025 /* Products */;
			projectDirPath = "";
			projectRoot = "";
			targets = (
				4E1E121A1B267EF400624025 /* Hearts */,
				4E1E12331B267EF400624025 /* HeartsTests */,
			);
		};
/* End PBXProject section */

/* Begin PBXResourcesBuildPhase section */
		4E1E12191B267EF400624025 /* Resources */ = {
			isa = PBXResourcesBuildPhase;
			buildActionMask = 2147483647;
			files = (
				4E1E122F1B267EF400624025 /* LaunchScreen.xib in Resources */,
				4E1E122C1B267EF400624025 /* Images.xcassets in Resources */,
				4E1E122A1B267EF400624025 /* Main.storyboard in Resources */,
			);
			runOnlyForDeploymentPostprocessing = 0;
		};
		4E1E12321B267EF400624025 /* Resources */ = {
			isa = PBXResourcesBuildPhase;
			buildActionMask = 2147483647;
			files = (
			);
			runOnlyForDeploymentPostprocessing = 0;
		};
/* End PBXResourcesBuildPhase section */

/* Begin PBXSourcesBuildPhase section */
		4E1E12171B267EF400624025 /* Sources */ = {
			isa = PBXSourcesBuildPhase;
			buildActionMask = 2147483647;
			files = (
				4E1E12251B267EF400624025 /* GameScene.swift in Sources */,
				4E1E12271B267EF400624025 /* GameViewController.swift in Sources */,
				4E1E12211B267EF400624025 /* AppDelegate.swift in Sources */,
				4E2FBF9D1B26EF8E004805C4 /* Card.swift in Sources */,
			);
			runOnlyForDeploymentPostprocessing = 0;
		};
		4E1E12301B267EF400624025 /* Sources */ = {
			isa = PBXSourcesBuildPhase;
			buildActionMask = 2147483647;
			files = (
				4E1E123B1B267EF400624025 /* HeartsTests.swift in Sources */,
			);
			runOnlyForDeploymentPostprocessing = 0;
		};
/* End PBXSourcesBuildPhase section */

/* Begin PBXTargetDependency section */
		4E1E12361B267EF400624025 /* PBXTargetDependency */ = {
			isa = PBXTargetDependency;
			target = 4E1E121A1B267EF400624025 /* Hearts */;
			targetProxy = 4E1E12351B267EF400624025 /* PBXContainerItemProxy */;
		};
/* End PBXTargetDependency section */

/* Begin PBXVariantGroup section */
		4E1E12281B267EF400624025 /* Main.storyboard */ = {
			isa = PBXVariantGroup;
			children = (
				4E1E12291B267EF400624025 /* Base */,
			);
			name = Main.storyboard;
			sourceTree = "<group>";
		};
		4E1E122D1B267EF400624025 /* LaunchScreen.xib */ = {
			isa = PBXVariantGroup;
			children = (
				4E1E122E1B267EF400624025 /* Base */,
			);
			name = LaunchScreen.xib;
			sourceTree = "<group>";
		};
/* End PBXVariantGroup section */

/* Begin XCBuildConfiguration section */
		4E1E123C1B267EF400624025 /* Debug */ = {
			isa = XCBuildConfiguration;
			buildSettings = {
				ALWAYS_SEARCH_USER_PATHS = NO;
				CLANG_CXX_LANGUAGE_STANDARD = "gnu++0x";
				CLANG_CXX_LIBRARY = "libc++";
				CLANG_ENABLE_MODULES = YES;
				CLANG_ENABLE_OBJC_ARC = YES;
				CLANG_WARN_BOOL_CONVERSION = YES;
				CLANG_WARN_CONSTANT_CONVERSION = YES;
				CLANG_WARN_DIRECT_OBJC_ISA_USAGE = YES_ERROR;
				CLANG_WARN_EMPTY_BODY = YES;
				CLANG_WARN_ENUM_CONVERSION = YES;
				CLANG_WARN_INT_CONVERSION = YES;
				CLANG_WARN_OBJC_ROOT_CLASS = YES_ERROR;
				CLANG_WARN_UNREACHABLE_CODE = YES;
				CLANG_WARN__DUPLICATE_METHOD_MATCH = YES;
				"CODE_SIGN_IDENTITY[sdk=iphoneos*]" = "iPhone Developer";
				COPY_PHASE_STRIP = NO;
				DEBUG_INFORMATION_FORMAT = "dwarf-with-dsym";
				ENABLE_STRICT_OBJC_MSGSEND = YES;
				GCC_C_LANGUAGE_STANDARD = gnu99;
				GCC_DYNAMIC_NO_PIC = NO;
				GCC_NO_COMMON_BLOCKS = YES;
				GCC_OPTIMIZATION_LEVEL = 0;
				GCC_PREPROCESSOR_DEFINITIONS = (
					"DEBUG=1",
					"$(inherited)",
				);
				GCC_SYMBOLS_PRIVATE_EXTERN = NO;
				GCC_WARN_64_TO_32_BIT_CONVERSION = YES;
				GCC_WARN_ABOUT_RETURN_TYPE = YES_ERROR;
				GCC_WARN_UNDECLARED_SELECTOR = YES;
				GCC_WARN_UNINITIALIZED_AUTOS = YES_AGGRESSIVE;
				GCC_WARN_UNUSED_FUNCTION = YES;
				GCC_WARN_UNUSED_VARIABLE = YES;
				IPHONEOS_DEPLOYMENT_TARGET = 8.3;
				MTL_ENABLE_DEBUG_INFO = YES;
				ONLY_ACTIVE_ARCH = YES;
				SDKROOT = iphoneos;
				SWIFT_OPTIMIZATION_LEVEL = "-Onone";
			};
			name = Debug;
		};
		4E1E123D1B267EF400624025 /* Release */ = {
			isa = XCBuildConfiguration;
			buildSettings = {
				ALWAYS_SEARCH_USER_PATHS = NO;
				CLANG_CXX_LANGUAGE_STANDARD = "gnu++0x";
				CLANG_CXX_LIBRARY = "libc++";
				CLANG_ENABLE_MODULES = YES;
				CLANG_ENABLE_OBJC_ARC = YES;
				CLANG_WARN_BOOL_CONVERSION = YES;
				CLANG_WARN_CONSTANT_CONVERSION = YES;
				CLANG_WARN_DIRECT_OBJC_ISA_USAGE = YES_ERROR;
				CLANG_WARN_EMPTY_BODY = YES;
				CLANG_WARN_ENUM_CONVERSION = YES;
				CLANG_WARN_INT_CONVERSION = YES;
				CLANG_WARN_OBJC_ROOT_CLASS = YES_ERROR;
				CLANG_WARN_UNREACHABLE_CODE = YES;
				CLANG_WARN__DUPLICATE_METHOD_MATCH = YES;
				"CODE_SIGN_IDENTITY[sdk=iphoneos*]" = "iPhone Developer";
				COPY_PHASE_STRIP = NO;
				DEBUG_INFORMATION_FORMAT = "dwarf-with-dsym";
				ENABLE_NS_ASSERTIONS = NO;
				ENABLE_STRICT_OBJC_MSGSEND = YES;
				GCC_C_LANGUAGE_STANDARD = gnu99;
				GCC_NO_COMMON_BLOCKS = YES;
				GCC_WARN_64_TO_32_BIT_CONVERSION = YES;
				GCC_WARN_ABOUT_RETURN_TYPE = YES_ERROR;
				GCC_WARN_UNDECLARED_SELECTOR = YES;
				GCC_WARN_UNINITIALIZED_AUTOS = YES_AGGRESSIVE;
				GCC_WARN_UNUSED_FUNCTION = YES;
				GCC_WARN_UNUSED_VARIABLE = YES;
				IPHONEOS_DEPLOYMENT_TARGET = 8.3;
				MTL_ENABLE_DEBUG_INFO = NO;
				SDKROOT = iphoneos;
				VALIDATE_PRODUCT = YES;
			};
			name = Release;
		};
		4E1E123F1B267EF400624025 /* Debug */ = {
			isa = XCBuildConfiguration;
			buildSettings = {
				ASSETCATALOG_COMPILER_APPICON_NAME = AppIcon;
				INFOPLIST_FILE = Hearts/Info.plist;
				LD_RUNPATH_SEARCH_PATHS = "$(inherited) @executable_path/Frameworks";
				PRODUCT_NAME = "$(TARGET_NAME)";
				TARGETED_DEVICE_FAMILY = 2;
			};
			name = Debug;
		};
		4E1E12401B267EF400624025 /* Release */ = {
			isa = XCBuildConfiguration;
			buildSettings = {
				ASSETCATALOG_COMPILER_APPICON_NAME = AppIcon;
				INFOPLIST_FILE = Hearts/Info.plist;
				LD_RUNPATH_SEARCH_PATHS = "$(inherited) @executable_path/Frameworks";
				PRODUCT_NAME = "$(TARGET_NAME)";
				TARGETED_DEVICE_FAMILY = 2;
			};
			name = Release;
		};
		4E1E12421B267EF400624025 /* Debug */ = {
			isa = XCBuildConfiguration;
			buildSettings = {
				BUNDLE_LOADER = "$(TEST_HOST)";
				FRAMEWORK_SEARCH_PATHS = (
					"$(SDKROOT)/Developer/Library/Frameworks",
					"$(inherited)",
				);
				GCC_PREPROCESSOR_DEFINITIONS = (
					"DEBUG=1",
					"$(inherited)",
				);
				INFOPLIST_FILE = HeartsTests/Info.plist;
				LD_RUNPATH_SEARCH_PATHS = "$(inherited) @executable_path/Frameworks @loader_path/Frameworks";
				PRODUCT_NAME = "$(TARGET_NAME)";
				TEST_HOST = "$(BUILT_PRODUCTS_DIR)/Hearts.app/Hearts";
			};
			name = Debug;
		};
		4E1E12431B267EF400624025 /* Release */ = {
			isa = XCBuildConfiguration;
			buildSettings = {
				BUNDLE_LOADER = "$(TEST_HOST)";
				FRAMEWORK_SEARCH_PATHS = (
					"$(SDKROOT)/Developer/Library/Frameworks",
					"$(inherited)",
				);
				INFOPLIST_FILE = HeartsTests/Info.plist;
				LD_RUNPATH_SEARCH_PATHS = "$(inherited) @executable_path/Frameworks @loader_path/Frameworks";
				PRODUCT_NAME = "$(TARGET_NAME)";
				TEST_HOST = "$(BUILT_PRODUCTS_DIR)/Hearts.app/Hearts";
			};
			name = Release;
		};
/* End XCBuildConfiguration section */

/* Begin XCConfigurationList section */
		4E1E12161B267EF400624025 /* Build configuration list for PBXProject "Hearts" */ = {
			isa = XCConfigurationList;
			buildConfigurations = (
				4E1E123C1B267EF400624025 /* Debug */,
				4E1E123D1B267EF400624025 /* Release */,
			);
			defaultConfigurationIsVisible = 0;
			defaultConfigurationName = Release;
		};
		4E1E123E1B267EF400624025 /* Build configuration list for PBXNativeTarget "Hearts" */ = {
			isa = XCConfigurationList;
			buildConfigurations = (
				4E1E123F1B267EF400624025 /* Debug */,
				4E1E12401B267EF400624025 /* Release */,
			);
			defaultConfigurationIsVisible = 0;
			defaultConfigurationName = Release;
		};
		4E1E12411B267EF400624025 /* Build configuration list for PBXNativeTarget "HeartsTests" */ = {
			isa = XCConfigurationList;
			buildConfigurations = (
				4E1E12421B267EF400624025 /* Debug */,
				4E1E12431B267EF400624025 /* Release */,
			);
			defaultConfigurationIsVisible = 0;
			defaultConfigurationName = Release;
		};
/* End XCConfigurationList section */
	};
	rootObject = 4E1E12131B267EF400624025 /* Project object */;
}
